
Microsoft Visual Studio Solution File, Format Version 12.00
# Visual Studio 15
VisualStudioVersion = 15.0.26430.6
MinimumVisualStudioVersion = 10.0.40219.1
Project("{FAE04EC0-301F-11D3-BF4B-00C04F79EFBC}") = "SDCorpComm", "SDCorpComm\SDCorpComm.csproj", "{79A70E54-B9B7-47F1-A3F6-0524AD946C9B}"
EndProject
Project("{FAE04EC0-301F-11D3-BF4B-00C04F79EFBC}") = "SDCorpComm.Tests", "SDCorpComm.Tests\SDCorpComm.Tests.csproj", "{38C13CEB-3856-42CC-B7D3-1448B7BD3CBE}"
EndProject
Project("{FAE04EC0-301F-11D3-BF4B-00C04F79EFBC}") = "Cliente", "Cliente\Cliente.csproj", "{6FF792CF-D3CB-4B0D-B6EE-5D060B8558A3}"
EndProject
Global
	GlobalSection(SolutionConfigurationPlatforms) = preSolution
		Debug|Any CPU = Debug|Any CPU
		Release|Any CPU = Release|Any CPU
	EndGlobalSection
	GlobalSection(ProjectConfigurationPlatforms) = postSolution
		{79A70E54-B9B7-47F1-A3F6-0524AD946C9B}.Debug|Any CPU.ActiveCfg = Debug|Any CPU
		{79A70E54-B9B7-47F1-A3F6-0524AD946C9B}.Debug|Any CPU.Build.0 = Debug|Any CPU
		{79A70E54-B9B7-47F1-A3F6-0524AD946C9B}.Release|Any CPU.ActiveCfg = Release|Any CPU
		{79A70E54-B9B7-47F1-A3F6-0524AD946C9B}.Release|Any CPU.Build.0 = Release|Any CPU
		{38C13CEB-3856-42CC-B7D3-1448B7BD3CBE}.Debug|Any CPU.ActiveCfg = Debug|Any CPU
		{38C13CEB-3856-42CC-B7D3-1448B7BD3CBE}.Debug|Any CPU.Build.0 = Debug|Any CPU
		{38C13CEB-3856-42CC-B7D3-1448B7BD3CBE}.Release|Any CPU.ActiveCfg = Release|Any CPU
		{38C13CEB-3856-42CC-B7D3-1448B7BD3CBE}.Release|Any CPU.Build.0 = Release|Any CPU
		{6FF792CF-D3CB-4B0D-B6EE-5D060B8558A3}.Debug|Any CPU.ActiveCfg = Debug|Any CPU
		{6FF792CF-D3CB-4B0D-B6EE-5D060B8558A3}.Debug|Any CPU.Build.0 = Debug|Any CPU
		{6FF792CF-D3CB-4B0D-B6EE-5D060B8558A3}.Release|Any CPU.ActiveCfg = Release|Any CPU
		{6FF792CF-D3CB-4B0D-B6EE-5D060B8558A3}.Release|Any CPU.Build.0 = Release|Any CPU
	EndGlobalSection
	GlobalSection(SolutionProperties) = preSolution
		HideSolutionNode = FALSE
	EndGlobalSection
EndGlobal
